
Microsoft Visual Studio Solution File, Format Version 12.00
# Visual Studio Version 17
VisualStudioVersion = 17.5.002.0
MinimumVisualStudioVersion = 10.0.40219.1
Project("{9A19103F-16F7-4668-BE54-9A1E7A4F7556}") = "m3-uf5-ac4-sqlite", "m3-uf5-ac4-sqlite.csproj", "{371DCF7E-DBBF-4A26-A64D-09E4A6FBB259}"
EndProject
Global
	GlobalSection(SolutionConfigurationPlatforms) = preSolution
		Debug|Any CPU = Debug|Any CPU
		Release|Any CPU = Release|Any CPU
	EndGlobalSection
	GlobalSection(ProjectConfigurationPlatforms) = postSolution
		{371DCF7E-DBBF-4A26-A64D-09E4A6FBB259}.Debug|Any CPU.ActiveCfg = Debug|Any CPU
		{371DCF7E-DBBF-4A26-A64D-09E4A6FBB259}.Debug|Any CPU.Build.0 = Debug|Any CPU
		{371DCF7E-DBBF-4A26-A64D-09E4A6FBB259}.Release|Any CPU.ActiveCfg = Release|Any CPU
		{371DCF7E-DBBF-4A26-A64D-09E4A6FBB259}.Release|Any CPU.Build.0 = Release|Any CPU
	EndGlobalSection
	GlobalSection(SolutionProperties) = preSolution
		HideSolutionNode = FALSE
	EndGlobalSection
	GlobalSection(ExtensibilityGlobals) = postSolution
		SolutionGuid = {B0CD10F0-78F2-422E-860F-9E2D44378230}
	EndGlobalSection
EndGlobal
